
Microsoft Visual Studio Solution File, Format Version 12.00
# Visual Studio Version 18
VisualStudioVersion = 18.0.11205.157 d18.0
MinimumVisualStudioVersion = 10.0.40219.1
Project("{9A19103F-16F7-4668-BE54-9A1E7A4F7556}") = "Analogy.LogViewer.Log4Net", "Analogy.LogViewer.Log4Net\Analogy.LogViewer.Log4Net.csproj", "{F4F91FED-5279-4D28-9004-EDFA080759BC}"
EndProject
Project("{9A19103F-16F7-4668-BE54-9A1E7A4F7556}") = "Analogy.LogViewer.Log4Net.UnitTests", "Analogy.LogViewer.Log4Net.UnitTests\Analogy.LogViewer.Log4Net.UnitTests.csproj", "{8A301EE5-F7F7-4FA9-90D5-DBF43F97ABA7}"
EndProject
Project("{2150E333-8FDC-42A3-9474-1A3956D46DE8}") = "Solution Items", "Solution Items", "{39743057-1607-43D0-8F6B-73A0F2754BC4}"
	ProjectSection(SolutionItems) = preProject
		.editorconfig = .editorconfig
		Directory.Build.props = Directory.Build.props
		.github\workflows\dotnet-core-desktop.yml = .github\workflows\dotnet-core-desktop.yml
		nuget.config = nuget.config
	EndProjectSection
EndProject
Global
	GlobalSection(SolutionConfigurationPlatforms) = preSolution
		Debug|Any CPU = Debug|Any CPU
		Debug|x86 = Debug|x86
		Release|Any CPU = Release|Any CPU
		Release|x86 = Release|x86
	EndGlobalSection
	GlobalSection(ProjectConfigurationPlatforms) = postSolution
		{F4F91FED-5279-4D28-9004-EDFA080759BC}.Debug|Any CPU.ActiveCfg = Debug|Any CPU
		{F4F91FED-5279-4D28-9004-EDFA080759BC}.Debug|Any CPU.Build.0 = Debug|Any CPU
		{F4F91FED-5279-4D28-9004-EDFA080759BC}.Debug|x86.ActiveCfg = Debug|x86
		{F4F91FED-5279-4D28-9004-EDFA080759BC}.Debug|x86.Build.0 = Debug|x86
		{F4F91FED-5279-4D28-9004-EDFA080759BC}.Release|Any CPU.ActiveCfg = Release|Any CPU
		{F4F91FED-5279-4D28-9004-EDFA080759BC}.Release|Any CPU.Build.0 = Release|Any CPU
		{F4F91FED-5279-4D28-9004-EDFA080759BC}.Release|x86.ActiveCfg = Release|x86
		{F4F91FED-5279-4D28-9004-EDFA080759BC}.Release|x86.Build.0 = Release|x86
		{8A301EE5-F7F7-4FA9-90D5-DBF43F97ABA7}.Debug|Any CPU.ActiveCfg = Debug|Any CPU
		{8A301EE5-F7F7-4FA9-90D5-DBF43F97ABA7}.Debug|Any CPU.Build.0 = Debug|Any CPU
		{8A301EE5-F7F7-4FA9-90D5-DBF43F97ABA7}.Debug|x86.ActiveCfg = Debug|Any CPU
		{8A301EE5-F7F7-4FA9-90D5-DBF43F97ABA7}.Debug|x86.Build.0 = Debug|Any CPU
		{8A301EE5-F7F7-4FA9-90D5-DBF43F97ABA7}.Release|Any CPU.ActiveCfg = Release|Any CPU
		{8A301EE5-F7F7-4FA9-90D5-DBF43F97ABA7}.Release|Any CPU.Build.0 = Release|Any CPU
		{8A301EE5-F7F7-4FA9-90D5-DBF43F97ABA7}.Release|x86.ActiveCfg = Release|Any CPU
		{8A301EE5-F7F7-4FA9-90D5-DBF43F97ABA7}.Release|x86.Build.0 = Release|Any CPU
	EndGlobalSection
	GlobalSection(SolutionProperties) = preSolution
		HideSolutionNode = FALSE
	EndGlobalSection
	GlobalSection(ExtensibilityGlobals) = postSolution
		SolutionGuid = {DEF549A3-5940-4A3F-974F-2CB050748CB7}
	EndGlobalSection
EndGlobal
