
Microsoft Visual Studio Solution File, Format Version 12.00
# Visual Studio Version 16
VisualStudioVersion = 16.0.29519.181
MinimumVisualStudioVersion = 10.0.40219.1
Project("{FAE04EC0-301F-11D3-BF4B-00C04F79EFBC}") = "Analogy.LogViewer.Log4Net", "Analogy.LogViewer.Log4Net\Analogy.LogViewer.Log4Net.csproj", "{F6CACC36-4993-49D1-AA6B-133DB3A4E8D9}"
EndProject
Global
	GlobalSection(SolutionConfigurationPlatforms) = preSolution
		Debug|Any CPU = Debug|Any CPU
		Release|Any CPU = Release|Any CPU
	EndGlobalSection
	GlobalSection(ProjectConfigurationPlatforms) = postSolution
		{F6CACC36-4993-49D1-AA6B-133DB3A4E8D9}.Debug|Any CPU.ActiveCfg = Debug|Any CPU
		{F6CACC36-4993-49D1-AA6B-133DB3A4E8D9}.Debug|Any CPU.Build.0 = Debug|Any CPU
		{F6CACC36-4993-49D1-AA6B-133DB3A4E8D9}.Release|Any CPU.ActiveCfg = Release|Any CPU
		{F6CACC36-4993-49D1-AA6B-133DB3A4E8D9}.Release|Any CPU.Build.0 = Release|Any CPU
	EndGlobalSection
	GlobalSection(SolutionProperties) = preSolution
		HideSolutionNode = FALSE
	EndGlobalSection
	GlobalSection(ExtensibilityGlobals) = postSolution
		SolutionGuid = {DEF549A3-5940-4A3F-974F-2CB050748CB7}
	EndGlobalSection
EndGlobal
